uuid: edda9224-fe05-4af2-a28f-abd7676e5396
langcode: en
status: true
dependencies:
  content:
    - 'block_content:basic:189cc4a4-4639-4d1f-9615-ba63f2e57a07'
  module:
    - block_content
    - system
  theme:
    - dlp
id: front_page_block
theme: dlp
region: content
weight: -3
provider: null
plugin: 'block_content:189cc4a4-4639-4d1f-9615-ba63f2e57a07'
settings:
  id: 'block_content:189cc4a4-4639-4d1f-9615-ba63f2e57a07'
  label: 'Front Page Block'
  label_display: '0'
  provider: block_content
  status: true
  info: ''
  view_mode: full
visibility:
  request_path:
    id: request_path
    negate: false
    context_mapping: {  }
    pages: /dataset-search
